// !$*UTF8*$!
{
	archiveVersion = 1;
	classes = {
	};
	objectVersion = 55;
	objects = {

/* Begin PBXBuildFile section */
		5F91097C27EB766A00210E03 /* TatarBookApp.swift in Sources */ = {isa = PBXBuildFile; fileRef = 5F91097B27EB766A00210E03 /* TatarBookApp.swift */; };
		5F91098027EB766B00210E03 /* Assets.xcassets in Resources */ = {isa = PBXBuildFile; fileRef = 5F91097F27EB766B00210E03 /* Assets.xcassets */; };
		5F91098327EB766B00210E03 /* Preview Assets.xcassets in Resources */ = {isa = PBXBuildFile; fileRef = 5F91098227EB766B00210E03 /* Preview Assets.xcassets */; };
		5F91098C27EB797700210E03 /* TabBarView.swift in Sources */ = {isa = PBXBuildFile; fileRef = 5F91098B27EB797700210E03 /* TabBarView.swift */; };
		5F91099127EB84DC00210E03 /* BookView.swift in Sources */ = {isa = PBXBuildFile; fileRef = 5F91099027EB84DC00210E03 /* BookView.swift */; };
		5F91099427EB88E900210E03 /* JSONSerializer.swift in Sources */ = {isa = PBXBuildFile; fileRef = 5F91099327EB88E900210E03 /* JSONSerializer.swift */; };
		5F91099727EB8AC800210E03 /* File.swift in Sources */ = {isa = PBXBuildFile; fileRef = 5F91099627EB8AC800210E03 /* File.swift */; };
		5F91099A27EB8C4D00210E03 /* Logger.swift in Sources */ = {isa = PBXBuildFile; fileRef = 5F91099927EB8C4D00210E03 /* Logger.swift */; };
		5F91099D27EB8CB700210E03 /* book.json in Resources */ = {isa = PBXBuildFile; fileRef = 5F91099C27EB8CB700210E03 /* book.json */; };
		5FA5FB6B27F58230003F2ECE /* TestGameView.swift in Sources */ = {isa = PBXBuildFile; fileRef = 5FA5FB6A27F58230003F2ECE /* TestGameView.swift */; };
		5FA5FB6D27F58249003F2ECE /* TestGameViewModel.swift in Sources */ = {isa = PBXBuildFile; fileRef = 5FA5FB6C27F58249003F2ECE /* TestGameViewModel.swift */; };
		5FA5FB7027F59825003F2ECE /* ProgressBar.swift in Sources */ = {isa = PBXBuildFile; fileRef = 5FA5FB6F27F59825003F2ECE /* ProgressBar.swift */; };
		5FA5FB7327F59FFF003F2ECE /* AnswerRowView.swift in Sources */ = {isa = PBXBuildFile; fileRef = 5FA5FB7227F59FFF003F2ECE /* AnswerRowView.swift */; };
		5FAA82EF27EE57A70015A60D /* DictionaryView.swift in Sources */ = {isa = PBXBuildFile; fileRef = 5FAA82EE27EE57A70015A60D /* DictionaryView.swift */; };
		5FAA82F127EE57AD0015A60D /* DictionaryViewModel.swift in Sources */ = {isa = PBXBuildFile; fileRef = 5FAA82F027EE57AD0015A60D /* DictionaryViewModel.swift */; };
		5FAA82F327EE59650015A60D /* dictionary.json in Resources */ = {isa = PBXBuildFile; fileRef = 5FAA82F227EE59650015A60D /* dictionary.json */; };
		5FC279A927F1931400086FD0 /* TestView.swift in Sources */ = {isa = PBXBuildFile; fileRef = 5FC279A827F1931400086FD0 /* TestView.swift */; };
		5FC279AB27F1932A00086FD0 /* TestViewModel.swift in Sources */ = {isa = PBXBuildFile; fileRef = 5FC279AA27F1932A00086FD0 /* TestViewModel.swift */; };
		5FC279AF27F1B1CF00086FD0 /* test.json in Resources */ = {isa = PBXBuildFile; fileRef = 5FC279AE27F1B1CF00086FD0 /* test.json */; };
		5FC279B127F1B1F500086FD0 /* Test.swift in Sources */ = {isa = PBXBuildFile; fileRef = 5FC279B027F1B1F500086FD0 /* Test.swift */; };
		5FC279B427F1B22500086FD0 /* Question.swift in Sources */ = {isa = PBXBuildFile; fileRef = 5FC279B327F1B22500086FD0 /* Question.swift */; };
		5FC279B627F1D01200086FD0 /* SelectionRowView.swift in Sources */ = {isa = PBXBuildFile; fileRef = 5FC279B527F1D01200086FD0 /* SelectionRowView.swift */; };
		5FC279BB27F24C6D00086FD0 /* Extensions+Text.swift in Sources */ = {isa = PBXBuildFile; fileRef = 5FC279BA27F24C6D00086FD0 /* Extensions+Text.swift */; };
		5FF2735627EB97B60075A855 /* Serializable.swift in Sources */ = {isa = PBXBuildFile; fileRef = 5FF2735527EB97B60075A855 /* Serializable.swift */; };
		5FF2735927EB99740075A855 /* BookViewModel.swift in Sources */ = {isa = PBXBuildFile; fileRef = 5FF2735827EB99740075A855 /* BookViewModel.swift */; };
		5FF2735B27EB9C4B0075A855 /* ContentModel.swift in Sources */ = {isa = PBXBuildFile; fileRef = 5FF2735A27EB9C4B0075A855 /* ContentModel.swift */; };
		5FF2735D27EB9FCA0075A855 /* TextContent.swift in Sources */ = {isa = PBXBuildFile; fileRef = 5FF2735C27EB9FCA0075A855 /* TextContent.swift */; };
		5FF2736A27EBB8860075A855 /* ContentView.swift in Sources */ = {isa = PBXBuildFile; fileRef = 5FF2736927EBB8860075A855 /* ContentView.swift */; };
		5FF2736E27ECC0F60075A855 /* ContentsView.swift in Sources */ = {isa = PBXBuildFile; fileRef = 5FF2736D27ECC0F60075A855 /* ContentsView.swift */; };
		5FF2737027ECC21D0075A855 /* TextView.swift in Sources */ = {isa = PBXBuildFile; fileRef = 5FF2736F27ECC21D0075A855 /* TextView.swift */; };
		5FF2737227ECC8FE0075A855 /* ListView.swift in Sources */ = {isa = PBXBuildFile; fileRef = 5FF2737127ECC8FE0075A855 /* ListView.swift */; };
		5FF2737627ECF08F0075A855 /* NavigationLinkView.swift in Sources */ = {isa = PBXBuildFile; fileRef = 5FF2737527ECF08F0075A855 /* NavigationLinkView.swift */; };
		5FF2737827EDAF7E0075A855 /* TableSimpleCellContent.swift in Sources */ = {isa = PBXBuildFile; fileRef = 5FF2737727EDAF7E0075A855 /* TableSimpleCellContent.swift */; };
		5FF2737A27EDB03E0075A855 /* VTableView.swift in Sources */ = {isa = PBXBuildFile; fileRef = 5FF2737927EDB03E0075A855 /* VTableView.swift */; };
		5FF2737C27EDB3FC0075A855 /* HTableView.swift in Sources */ = {isa = PBXBuildFile; fileRef = 5FF2737B27EDB3FC0075A855 /* HTableView.swift */; };
/* End PBXBuildFile section */

/* Begin PBXFileReference section */
		5F91097827EB766A00210E03 /* TatarBook.app */ = {isa = PBXFileReference; explicitFileType = wrapper.application; includeInIndex = 0; path = TatarBook.app; sourceTree = BUILT_PRODUCTS_DIR; };
		5F91097B27EB766A00210E03 /* TatarBookApp.swift */ = {isa = PBXFileReference; lastKnownFileType = sourcecode.swift; path = TatarBookApp.swift; sourceTree = "<group>"; };
		5F91097F27EB766B00210E03 /* Assets.xcassets */ = {isa = PBXFileReference; lastKnownFileType = folder.assetcatalog; path = Assets.xcassets; sourceTree = "<group>"; };
		5F91098227EB766B00210E03 /* Preview Assets.xcassets */ = {isa = PBXFileReference; lastKnownFileType = folder.assetcatalog; path = "Preview Assets.xcassets"; sourceTree = "<group>"; };
		5F91098B27EB797700210E03 /* TabBarView.swift */ = {isa = PBXFileReference; lastKnownFileType = sourcecode.swift; path = TabBarView.swift; sourceTree = "<group>"; };
		5F91099027EB84DC00210E03 /* BookView.swift */ = {isa = PBXFileReference; lastKnownFileType = sourcecode.swift; path = BookView.swift; sourceTree = "<group>"; };
		5F91099327EB88E900210E03 /* JSONSerializer.swift */ = {isa = PBXFileReference; lastKnownFileType = sourcecode.swift; path = JSONSerializer.swift; sourceTree = "<group>"; };
		5F91099627EB8AC800210E03 /* File.swift */ = {isa = PBXFileReference; lastKnownFileType = sourcecode.swift; path = File.swift; sourceTree = "<group>"; };
		5F91099927EB8C4D00210E03 /* Logger.swift */ = {isa = PBXFileReference; lastKnownFileType = sourcecode.swift; path = Logger.swift; sourceTree = "<group>"; };
		5F91099C27EB8CB700210E03 /* book.json */ = {isa = PBXFileReference; lastKnownFileType = text.json; path = book.json; sourceTree = "<group>"; };
		5FA5FB6A27F58230003F2ECE /* TestGameView.swift */ = {isa = PBXFileReference; lastKnownFileType = sourcecode.swift; path = TestGameView.swift; sourceTree = "<group>"; };
		5FA5FB6C27F58249003F2ECE /* TestGameViewModel.swift */ = {isa = PBXFileReference; lastKnownFileType = sourcecode.swift; path = TestGameViewModel.swift; sourceTree = "<group>"; };
		5FA5FB6F27F59825003F2ECE /* ProgressBar.swift */ = {isa = PBXFileReference; lastKnownFileType = sourcecode.swift; path = ProgressBar.swift; sourceTree = "<group>"; };
		5FA5FB7227F59FFF003F2ECE /* AnswerRowView.swift */ = {isa = PBXFileReference; lastKnownFileType = sourcecode.swift; path = AnswerRowView.swift; sourceTree = "<group>"; };
		5FAA82EE27EE57A70015A60D /* DictionaryView.swift */ = {isa = PBXFileReference; lastKnownFileType = sourcecode.swift; path = DictionaryView.swift; sourceTree = "<group>"; };
		5FAA82F027EE57AD0015A60D /* DictionaryViewModel.swift */ = {isa = PBXFileReference; lastKnownFileType = sourcecode.swift; path = DictionaryViewModel.swift; sourceTree = "<group>"; };
		5FAA82F227EE59650015A60D /* dictionary.json */ = {isa = PBXFileReference; lastKnownFileType = text.json; path = dictionary.json; sourceTree = "<group>"; };
		5FC279A827F1931400086FD0 /* TestView.swift */ = {isa = PBXFileReference; lastKnownFileType = sourcecode.swift; path = TestView.swift; sourceTree = "<group>"; };
		5FC279AA27F1932A00086FD0 /* TestViewModel.swift */ = {isa = PBXFileReference; lastKnownFileType = sourcecode.swift; path = TestViewModel.swift; sourceTree = "<group>"; };
		5FC279AE27F1B1CF00086FD0 /* test.json */ = {isa = PBXFileReference; lastKnownFileType = text.json; path = test.json; sourceTree = "<group>"; };
		5FC279B027F1B1F500086FD0 /* Test.swift */ = {isa = PBXFileReference; lastKnownFileType = sourcecode.swift; path = Test.swift; sourceTree = "<group>"; };
		5FC279B327F1B22500086FD0 /* Question.swift */ = {isa = PBXFileReference; lastKnownFileType = sourcecode.swift; path = Question.swift; sourceTree = "<group>"; };
		5FC279B527F1D01200086FD0 /* SelectionRowView.swift */ = {isa = PBXFileReference; lastKnownFileType = sourcecode.swift; path = SelectionRowView.swift; sourceTree = "<group>"; };
		5FC279BA27F24C6D00086FD0 /* Extensions+Text.swift */ = {isa = PBXFileReference; lastKnownFileType = sourcecode.swift; path = "Extensions+Text.swift"; sourceTree = "<group>"; };
		5FF2735527EB97B60075A855 /* Serializable.swift */ = {isa = PBXFileReference; lastKnownFileType = sourcecode.swift; path = Serializable.swift; sourceTree = "<group>"; };
		5FF2735827EB99740075A855 /* BookViewModel.swift */ = {isa = PBXFileReference; lastKnownFileType = sourcecode.swift; path = BookViewModel.swift; sourceTree = "<group>"; };
		5FF2735A27EB9C4B0075A855 /* ContentModel.swift */ = {isa = PBXFileReference; lastKnownFileType = sourcecode.swift; path = ContentModel.swift; sourceTree = "<group>"; };
		5FF2735C27EB9FCA0075A855 /* TextContent.swift */ = {isa = PBXFileReference; lastKnownFileType = sourcecode.swift; path = TextContent.swift; sourceTree = "<group>"; };
		5FF2736627EBB3430075A855 /* TatarBook.entitlements */ = {isa = PBXFileReference; lastKnownFileType = text.plist.entitlements; path = TatarBook.entitlements; sourceTree = "<group>"; };
		5FF2736927EBB8860075A855 /* ContentView.swift */ = {isa = PBXFileReference; lastKnownFileType = sourcecode.swift; path = ContentView.swift; sourceTree = "<group>"; };
		5FF2736D27ECC0F60075A855 /* ContentsView.swift */ = {isa = PBXFileReference; lastKnownFileType = sourcecode.swift; path = ContentsView.swift; sourceTree = "<group>"; };
		5FF2736F27ECC21D0075A855 /* TextView.swift */ = {isa = PBXFileReference; lastKnownFileType = sourcecode.swift; path = TextView.swift; sourceTree = "<group>"; };
		5FF2737127ECC8FE0075A855 /* ListView.swift */ = {isa = PBXFileReference; lastKnownFileType = sourcecode.swift; path = ListView.swift; sourceTree = "<group>"; };
		5FF2737527ECF08F0075A855 /* NavigationLinkView.swift */ = {isa = PBXFileReference; lastKnownFileType = sourcecode.swift; path = NavigationLinkView.swift; sourceTree = "<group>"; };
		5FF2737727EDAF7E0075A855 /* TableSimpleCellContent.swift */ = {isa = PBXFileReference; lastKnownFileType = sourcecode.swift; path = TableSimpleCellContent.swift; sourceTree = "<group>"; };
		5FF2737927EDB03E0075A855 /* VTableView.swift */ = {isa = PBXFileReference; lastKnownFileType = sourcecode.swift; path = VTableView.swift; sourceTree = "<group>"; };
		5FF2737B27EDB3FC0075A855 /* HTableView.swift */ = {isa = PBXFileReference; lastKnownFileType = sourcecode.swift; path = HTableView.swift; sourceTree = "<group>"; };
/* End PBXFileReference section */

/* Begin PBXFrameworksBuildPhase section */
		5F91097527EB766A00210E03 /* Frameworks */ = {
			isa = PBXFrameworksBuildPhase;
			buildActionMask = 2147483647;
			files = (
			);
			runOnlyForDeploymentPostprocessing = 0;
		};
/* End PBXFrameworksBuildPhase section */

/* Begin PBXGroup section */
		5F91096F27EB766A00210E03 = {
			isa = PBXGroup;
			children = (
				5F91097A27EB766A00210E03 /* TatarBook */,
				5F91097927EB766A00210E03 /* Products */,
			);
			sourceTree = "<group>";
		};
		5F91097927EB766A00210E03 /* Products */ = {
			isa = PBXGroup;
			children = (
				5F91097827EB766A00210E03 /* TatarBook.app */,
			);
			name = Products;
			sourceTree = "<group>";
		};
		5F91097A27EB766A00210E03 /* TatarBook */ = {
			isa = PBXGroup;
			children = (
				5FF2736627EBB3430075A855 /* TatarBook.entitlements */,
				5F91098927EB794D00210E03 /* Project */,
				5F91098E27EB84A800210E03 /* Views */,
				5F91099527EB8AB700210E03 /* Models */,
				5F91099227EB885B00210E03 /* Services */,
				5F91099827EB8C4000210E03 /* Helpers */,
				5F91098D27EB7A8400210E03 /* Resources */,
				5FF2735427EB97820075A855 /* Protocols */,
				5F91098127EB766B00210E03 /* Preview Content */,
			);
			path = TatarBook;
			sourceTree = "<group>";
		};
		5F91098127EB766B00210E03 /* Preview Content */ = {
			isa = PBXGroup;
			children = (
				5F91098227EB766B00210E03 /* Preview Assets.xcassets */,
			);
			path = "Preview Content";
			sourceTree = "<group>";
		};
		5F91098927EB794D00210E03 /* Project */ = {
			isa = PBXGroup;
			children = (
				5F91097B27EB766A00210E03 /* TatarBookApp.swift */,
				5F91098B27EB797700210E03 /* TabBarView.swift */,
			);
			path = Project;
			sourceTree = "<group>";
		};
		5F91098D27EB7A8400210E03 /* Resources */ = {
			isa = PBXGroup;
			children = (
				5F91097F27EB766B00210E03 /* Assets.xcassets */,
				5F91099B27EB8C8700210E03 /* JSON */,
			);
			path = Resources;
			sourceTree = "<group>";
		};
		5F91098E27EB84A800210E03 /* Views */ = {
			isa = PBXGroup;
			children = (
				5FA5FB6E27F591F8003F2ECE /* Common */,
				5FC279B727F246D000086FD0 /* Test */,
				5FF2736127EBADB20075A855 /* Content */,
				5F91098F27EB84CE00210E03 /* TabBar */,
			);
			path = Views;
			sourceTree = "<group>";
		};
		5F91098F27EB84CE00210E03 /* TabBar */ = {
			isa = PBXGroup;
			children = (
				5FC279A727F1930000086FD0 /* Test */,
				5FAA82ED27EE578F0015A60D /* Dictionary */,
				5FF2735727EB995E0075A855 /* Book */,
			);
			path = TabBar;
			sourceTree = "<group>";
		};
		5F91099227EB885B00210E03 /* Services */ = {
			isa = PBXGroup;
			children = (
				5F91099327EB88E900210E03 /* JSONSerializer.swift */,
			);
			path = Services;
			sourceTree = "<group>";
		};
		5F91099527EB8AB700210E03 /* Models */ = {
			isa = PBXGroup;
			children = (
				5F91099627EB8AC800210E03 /* File.swift */,
				5F91099F27EB93D800210E03 /* Content */,
				5FC279B227F1B21800086FD0 /* Test */,
			);
			path = Models;
			sourceTree = "<group>";
		};
		5F91099827EB8C4000210E03 /* Helpers */ = {
			isa = PBXGroup;
			children = (
				5F91099927EB8C4D00210E03 /* Logger.swift */,
				5FC279BA27F24C6D00086FD0 /* Extensions+Text.swift */,
			);
			path = Helpers;
			sourceTree = "<group>";
		};
		5F91099B27EB8C8700210E03 /* JSON */ = {
			isa = PBXGroup;
			children = (
				5F91099C27EB8CB700210E03 /* book.json */,
				5FAA82F227EE59650015A60D /* dictionary.json */,
				5FC279AE27F1B1CF00086FD0 /* test.json */,
			);
			path = JSON;
			sourceTree = "<group>";
		};
		5F91099F27EB93D800210E03 /* Content */ = {
			isa = PBXGroup;
			children = (
				5FF2735A27EB9C4B0075A855 /* ContentModel.swift */,
				5FF2736C27EBBCC80075A855 /* ContentInner */,
			);
			path = Content;
			sourceTree = "<group>";
		};
		5FA5FB6E27F591F8003F2ECE /* Common */ = {
			isa = PBXGroup;
			children = (
				5FC279B527F1D01200086FD0 /* SelectionRowView.swift */,
				5FA5FB6F27F59825003F2ECE /* ProgressBar.swift */,
			);
			path = Common;
			sourceTree = "<group>";
		};
		5FA5FB7127F59FE8003F2ECE /* ContentViews */ = {
			isa = PBXGroup;
			children = (
				5FA5FB7227F59FFF003F2ECE /* AnswerRowView.swift */,
			);
			path = ContentViews;
			sourceTree = "<group>";
		};
		5FAA82ED27EE578F0015A60D /* Dictionary */ = {
			isa = PBXGroup;
			children = (
				5FAA82EE27EE57A70015A60D /* DictionaryView.swift */,
				5FAA82F027EE57AD0015A60D /* DictionaryViewModel.swift */,
			);
			path = Dictionary;
			sourceTree = "<group>";
		};
		5FC279A727F1930000086FD0 /* Test */ = {
			isa = PBXGroup;
			children = (
				5FC279A827F1931400086FD0 /* TestView.swift */,
				5FC279AA27F1932A00086FD0 /* TestViewModel.swift */,
			);
			path = Test;
			sourceTree = "<group>";
		};
		5FC279B227F1B21800086FD0 /* Test */ = {
			isa = PBXGroup;
			children = (
				5FC279B027F1B1F500086FD0 /* Test.swift */,
				5FC279B327F1B22500086FD0 /* Question.swift */,
			);
			path = Test;
			sourceTree = "<group>";
		};
		5FC279B727F246D000086FD0 /* Test */ = {
			isa = PBXGroup;
			children = (
				5FA5FB7127F59FE8003F2ECE /* ContentViews */,
				5FA5FB6A27F58230003F2ECE /* TestGameView.swift */,
				5FA5FB6C27F58249003F2ECE /* TestGameViewModel.swift */,
			);
			path = Test;
			sourceTree = "<group>";
		};
		5FF2735427EB97820075A855 /* Protocols */ = {
			isa = PBXGroup;
			children = (
				5FF2735527EB97B60075A855 /* Serializable.swift */,
			);
			path = Protocols;
			sourceTree = "<group>";
		};
		5FF2735727EB995E0075A855 /* Book */ = {
			isa = PBXGroup;
			children = (
				5F91099027EB84DC00210E03 /* BookView.swift */,
				5FF2735827EB99740075A855 /* BookViewModel.swift */,
			);
			path = Book;
			sourceTree = "<group>";
		};
		5FF2736127EBADB20075A855 /* Content */ = {
			isa = PBXGroup;
			children = (
				5FF2736B27EBBCA00075A855 /* ContentInner */,
				5FF2736D27ECC0F60075A855 /* ContentsView.swift */,
				5FF2736927EBB8860075A855 /* ContentView.swift */,
				5FF2737527ECF08F0075A855 /* NavigationLinkView.swift */,
			);
			path = Content;
			sourceTree = "<group>";
		};
		5FF2736B27EBBCA00075A855 /* ContentInner */ = {
			isa = PBXGroup;
			children = (
				5FF2736F27ECC21D0075A855 /* TextView.swift */,
				5FF2737127ECC8FE0075A855 /* ListView.swift */,
				5FF2737927EDB03E0075A855 /* VTableView.swift */,
				5FF2737B27EDB3FC0075A855 /* HTableView.swift */,
			);
			path = ContentInner;
			sourceTree = "<group>";
		};
		5FF2736C27EBBCC80075A855 /* ContentInner */ = {
			isa = PBXGroup;
			children = (
				5FF2735C27EB9FCA0075A855 /* TextContent.swift */,
				5FF2737727EDAF7E0075A855 /* TableSimpleCellContent.swift */,
			);
			path = ContentInner;
			sourceTree = "<group>";
		};
/* End PBXGroup section */

/* Begin PBXNativeTarget section */
		5F91097727EB766A00210E03 /* TatarBook */ = {
			isa = PBXNativeTarget;
			buildConfigurationList = 5F91098627EB766B00210E03 /* Build configuration list for PBXNativeTarget "TatarBook" */;
			buildPhases = (
				5F91097427EB766A00210E03 /* Sources */,
				5F91097527EB766A00210E03 /* Frameworks */,
				5F91097627EB766A00210E03 /* Resources */,
			);
			buildRules = (
			);
			dependencies = (
			);
			name = TatarBook;
			productName = TatarBook;
			productReference = 5F91097827EB766A00210E03 /* TatarBook.app */;
			productType = "com.apple.product-type.application";
		};
/* End PBXNativeTarget section */

/* Begin PBXProject section */
		5F91097027EB766A00210E03 /* Project object */ = {
			isa = PBXProject;
			attributes = {
				BuildIndependentTargetsInParallel = 1;
				LastSwiftUpdateCheck = 1330;
				LastUpgradeCheck = 1330;
				TargetAttributes = {
					5F91097727EB766A00210E03 = {
						CreatedOnToolsVersion = 13.3;
					};
				};
			};
			buildConfigurationList = 5F91097327EB766A00210E03 /* Build configuration list for PBXProject "TatarBook" */;
			compatibilityVersion = "Xcode 13.0";
			developmentRegion = en;
			hasScannedForEncodings = 0;
			knownRegions = (
				en,
				Base,
			);
			mainGroup = 5F91096F27EB766A00210E03;
			productRefGroup = 5F91097927EB766A00210E03 /* Products */;
			projectDirPath = "";
			projectRoot = "";
			targets = (
				5F91097727EB766A00210E03 /* TatarBook */,
			);
		};
/* End PBXProject section */

/* Begin PBXResourcesBuildPhase section */
		5F91097627EB766A00210E03 /* Resources */ = {
			isa = PBXResourcesBuildPhase;
			buildActionMask = 2147483647;
			files = (
				5F91098327EB766B00210E03 /* Preview Assets.xcassets in Resources */,
				5FAA82F327EE59650015A60D /* dictionary.json in Resources */,
				5FC279AF27F1B1CF00086FD0 /* test.json in Resources */,
				5F91098027EB766B00210E03 /* Assets.xcassets in Resources */,
				5F91099D27EB8CB700210E03 /* book.json in Resources */,
			);
			runOnlyForDeploymentPostprocessing = 0;
		};
/* End PBXResourcesBuildPhase section */

/* Begin PBXSourcesBuildPhase section */
		5F91097427EB766A00210E03 /* Sources */ = {
			isa = PBXSourcesBuildPhase;
			buildActionMask = 2147483647;
			files = (
				5FC279A927F1931400086FD0 /* TestView.swift in Sources */,
				5FF2737827EDAF7E0075A855 /* TableSimpleCellContent.swift in Sources */,
				5FF2735627EB97B60075A855 /* Serializable.swift in Sources */,
				5FF2737A27EDB03E0075A855 /* VTableView.swift in Sources */,
				5FA5FB7327F59FFF003F2ECE /* AnswerRowView.swift in Sources */,
				5FC279BB27F24C6D00086FD0 /* Extensions+Text.swift in Sources */,
				5F91099427EB88E900210E03 /* JSONSerializer.swift in Sources */,
				5F91099A27EB8C4D00210E03 /* Logger.swift in Sources */,
				5FF2737027ECC21D0075A855 /* TextView.swift in Sources */,
				5FF2735B27EB9C4B0075A855 /* ContentModel.swift in Sources */,
				5FC279B627F1D01200086FD0 /* SelectionRowView.swift in Sources */,
				5FF2735D27EB9FCA0075A855 /* TextContent.swift in Sources */,
				5FA5FB6B27F58230003F2ECE /* TestGameView.swift in Sources */,
				5FA5FB6D27F58249003F2ECE /* TestGameViewModel.swift in Sources */,
				5FC279B427F1B22500086FD0 /* Question.swift in Sources */,
				5FAA82EF27EE57A70015A60D /* DictionaryView.swift in Sources */,
				5FF2737C27EDB3FC0075A855 /* HTableView.swift in Sources */,
				5FAA82F127EE57AD0015A60D /* DictionaryViewModel.swift in Sources */,
				5FF2737627ECF08F0075A855 /* NavigationLinkView.swift in Sources */,
				5F91099127EB84DC00210E03 /* BookView.swift in Sources */,
				5FC279AB27F1932A00086FD0 /* TestViewModel.swift in Sources */,
				5FC279B127F1B1F500086FD0 /* Test.swift in Sources */,
				5FF2736E27ECC0F60075A855 /* ContentsView.swift in Sources */,
				5FF2735927EB99740075A855 /* BookViewModel.swift in Sources */,
				5FF2736A27EBB8860075A855 /* ContentView.swift in Sources */,
				5FF2737227ECC8FE0075A855 /* ListView.swift in Sources */,
				5F91099727EB8AC800210E03 /* File.swift in Sources */,
				5F91098C27EB797700210E03 /* TabBarView.swift in Sources */,
				5FA5FB7027F59825003F2ECE /* ProgressBar.swift in Sources */,
				5F91097C27EB766A00210E03 /* TatarBookApp.swift in Sources */,
			);
			runOnlyForDeploymentPostprocessing = 0;
		};
/* End PBXSourcesBuildPhase section */

/* Begin XCBuildConfiguration section */
		5F91098427EB766B00210E03 /* Debug */ = {
			isa = XCBuildConfiguration;
			buildSettings = {
				ALWAYS_SEARCH_USER_PATHS = NO;
				CLANG_ANALYZER_NONNULL = YES;
				CLANG_ANALYZER_NUMBER_OBJECT_CONVERSION = YES_AGGRESSIVE;
				CLANG_CXX_LANGUAGE_STANDARD = "gnu++17";
				CLANG_ENABLE_MODULES = YES;
				CLANG_ENABLE_OBJC_ARC = YES;
				CLANG_ENABLE_OBJC_WEAK = YES;
				CLANG_WARN_BLOCK_CAPTURE_AUTORELEASING = YES;
				CLANG_WARN_BOOL_CONVERSION = YES;
				CLANG_WARN_COMMA = YES;
				CLANG_WARN_CONSTANT_CONVERSION = YES;
				CLANG_WARN_DEPRECATED_OBJC_IMPLEMENTATIONS = YES;
				CLANG_WARN_DIRECT_OBJC_ISA_USAGE = YES_ERROR;
				CLANG_WARN_DOCUMENTATION_COMMENTS = YES;
				CLANG_WARN_EMPTY_BODY = YES;
				CLANG_WARN_ENUM_CONVERSION = YES;
				CLANG_WARN_INFINITE_RECURSION = YES;
				CLANG_WARN_INT_CONVERSION = YES;
				CLANG_WARN_NON_LITERAL_NULL_CONVERSION = YES;
				CLANG_WARN_OBJC_IMPLICIT_RETAIN_SELF = YES;
				CLANG_WARN_OBJC_LITERAL_CONVERSION = YES;
				CLANG_WARN_OBJC_ROOT_CLASS = YES_ERROR;
				CLANG_WARN_QUOTED_INCLUDE_IN_FRAMEWORK_HEADER = YES;
				CLANG_WARN_RANGE_LOOP_ANALYSIS = YES;
				CLANG_WARN_STRICT_PROTOTYPES = YES;
				CLANG_WARN_SUSPICIOUS_MOVE = YES;
				CLANG_WARN_UNGUARDED_AVAILABILITY = YES_AGGRESSIVE;
				CLANG_WARN_UNREACHABLE_CODE = YES;
				CLANG_WARN__DUPLICATE_METHOD_MATCH = YES;
				COPY_PHASE_STRIP = NO;
				DEBUG_INFORMATION_FORMAT = dwarf;
				ENABLE_STRICT_OBJC_MSGSEND = YES;
				ENABLE_TESTABILITY = YES;
				GCC_C_LANGUAGE_STANDARD = gnu11;
				GCC_DYNAMIC_NO_PIC = NO;
				GCC_NO_COMMON_BLOCKS = YES;
				GCC_OPTIMIZATION_LEVEL = 0;
				GCC_PREPROCESSOR_DEFINITIONS = (
					"DEBUG=1",
					"$(inherited)",
				);
				GCC_WARN_64_TO_32_BIT_CONVERSION = YES;
				GCC_WARN_ABOUT_RETURN_TYPE = YES_ERROR;
				GCC_WARN_UNDECLARED_SELECTOR = YES;
				GCC_WARN_UNINITIALIZED_AUTOS = YES_AGGRESSIVE;
				GCC_WARN_UNUSED_FUNCTION = YES;
				GCC_WARN_UNUSED_VARIABLE = YES;
				IPHONEOS_DEPLOYMENT_TARGET = 15.0;
				MTL_ENABLE_DEBUG_INFO = INCLUDE_SOURCE;
				MTL_FAST_MATH = YES;
				ONLY_ACTIVE_ARCH = YES;
				SDKROOT = iphoneos;
				SWIFT_ACTIVE_COMPILATION_CONDITIONS = DEBUG;
				SWIFT_OPTIMIZATION_LEVEL = "-Onone";
			};
			name = Debug;
		};
		5F91098527EB766B00210E03 /* Release */ = {
			isa = XCBuildConfiguration;
			buildSettings = {
				ALWAYS_SEARCH_USER_PATHS = NO;
				CLANG_ANALYZER_NONNULL = YES;
				CLANG_ANALYZER_NUMBER_OBJECT_CONVERSION = YES_AGGRESSIVE;
				CLANG_CXX_LANGUAGE_STANDARD = "gnu++17";
				CLANG_ENABLE_MODULES = YES;
				CLANG_ENABLE_OBJC_ARC = YES;
				CLANG_ENABLE_OBJC_WEAK = YES;
				CLANG_WARN_BLOCK_CAPTURE_AUTORELEASING = YES;
				CLANG_WARN_BOOL_CONVERSION = YES;
				CLANG_WARN_COMMA = YES;
				CLANG_WARN_CONSTANT_CONVERSION = YES;
				CLANG_WARN_DEPRECATED_OBJC_IMPLEMENTATIONS = YES;
				CLANG_WARN_DIRECT_OBJC_ISA_USAGE = YES_ERROR;
				CLANG_WARN_DOCUMENTATION_COMMENTS = YES;
				CLANG_WARN_EMPTY_BODY = YES;
				CLANG_WARN_ENUM_CONVERSION = YES;
				CLANG_WARN_INFINITE_RECURSION = YES;
				CLANG_WARN_INT_CONVERSION = YES;
				CLANG_WARN_NON_LITERAL_NULL_CONVERSION = YES;
				CLANG_WARN_OBJC_IMPLICIT_RETAIN_SELF = YES;
				CLANG_WARN_OBJC_LITERAL_CONVERSION = YES;
				CLANG_WARN_OBJC_ROOT_CLASS = YES_ERROR;
				CLANG_WARN_QUOTED_INCLUDE_IN_FRAMEWORK_HEADER = YES;
				CLANG_WARN_RANGE_LOOP_ANALYSIS = YES;
				CLANG_WARN_STRICT_PROTOTYPES = YES;
				CLANG_WARN_SUSPICIOUS_MOVE = YES;
				CLANG_WARN_UNGUARDED_AVAILABILITY = YES_AGGRESSIVE;
				CLANG_WARN_UNREACHABLE_CODE = YES;
				CLANG_WARN__DUPLICATE_METHOD_MATCH = YES;
				COPY_PHASE_STRIP = NO;
				DEBUG_INFORMATION_FORMAT = "dwarf-with-dsym";
				ENABLE_NS_ASSERTIONS = NO;
				ENABLE_STRICT_OBJC_MSGSEND = YES;
				GCC_C_LANGUAGE_STANDARD = gnu11;
				GCC_NO_COMMON_BLOCKS = YES;
				GCC_WARN_64_TO_32_BIT_CONVERSION = YES;
				GCC_WARN_ABOUT_RETURN_TYPE = YES_ERROR;
				GCC_WARN_UNDECLARED_SELECTOR = YES;
				GCC_WARN_UNINITIALIZED_AUTOS = YES_AGGRESSIVE;
				GCC_WARN_UNUSED_FUNCTION = YES;
				GCC_WARN_UNUSED_VARIABLE = YES;
				IPHONEOS_DEPLOYMENT_TARGET = 15.0;
				MTL_ENABLE_DEBUG_INFO = NO;
				MTL_FAST_MATH = YES;
				SDKROOT = iphoneos;
				SWIFT_COMPILATION_MODE = wholemodule;
				SWIFT_OPTIMIZATION_LEVEL = "-O";
				VALIDATE_PRODUCT = YES;
			};
			name = Release;
		};
		5F91098727EB766B00210E03 /* Debug */ = {
			isa = XCBuildConfiguration;
			buildSettings = {
				ASSETCATALOG_COMPILER_APPICON_NAME = AppIcon;
				ASSETCATALOG_COMPILER_GLOBAL_ACCENT_COLOR_NAME = AccentColor;
				CODE_SIGN_ENTITLEMENTS = TatarBook/TatarBook.entitlements;
				CODE_SIGN_STYLE = Automatic;
				CURRENT_PROJECT_VERSION = 1;
				DEVELOPMENT_ASSET_PATHS = "\"TatarBook/Preview Content\"";
				DEVELOPMENT_TEAM = 64HK95YC43;
				ENABLE_PREVIEWS = YES;
				GENERATE_INFOPLIST_FILE = YES;
				INFOPLIST_KEY_UIApplicationSceneManifest_Generation = YES;
				INFOPLIST_KEY_UIApplicationSupportsIndirectInputEvents = YES;
				INFOPLIST_KEY_UILaunchScreen_Generation = YES;
				INFOPLIST_KEY_UISupportedInterfaceOrientations_iPad = "UIInterfaceOrientationPortrait UIInterfaceOrientationPortraitUpsideDown UIInterfaceOrientationLandscapeLeft UIInterfaceOrientationLandscapeRight";
				INFOPLIST_KEY_UISupportedInterfaceOrientations_iPhone = "UIInterfaceOrientationPortrait UIInterfaceOrientationLandscapeLeft UIInterfaceOrientationLandscapeRight";
				IPHONEOS_DEPLOYMENT_TARGET = 15.0;
				"IPHONEOS_DEPLOYMENT_TARGET[sdk=macosx*]" = 15.0;
				LD_RUNPATH_SEARCH_PATHS = (
					"$(inherited)",
					"@executable_path/Frameworks",
				);
				MARKETING_VERSION = 1.0;
				PRODUCT_BUNDLE_IDENTIFIER = com.hasab.TatarBook;
				PRODUCT_NAME = "$(TARGET_NAME)";
				SUPPORTS_MACCATALYST = YES;
				SUPPORTS_MAC_DESIGNED_FOR_IPHONE_IPAD = NO;
				SWIFT_EMIT_LOC_STRINGS = YES;
				SWIFT_VERSION = 5.0;
				TARGETED_DEVICE_FAMILY = "1,2,6";
			};
			name = Debug;
		};
		5F91098827EB766B00210E03 /* Release */ = {
			isa = XCBuildConfiguration;
			buildSettings = {
				ASSETCATALOG_COMPILER_APPICON_NAME = AppIcon;
				ASSETCATALOG_COMPILER_GLOBAL_ACCENT_COLOR_NAME = AccentColor;
				CODE_SIGN_ENTITLEMENTS = TatarBook/TatarBook.entitlements;
				CODE_SIGN_STYLE = Automatic;
				CURRENT_PROJECT_VERSION = 1;
				DEVELOPMENT_ASSET_PATHS = "\"TatarBook/Preview Content\"";
				DEVELOPMENT_TEAM = 64HK95YC43;
				ENABLE_PREVIEWS = YES;
				GENERATE_INFOPLIST_FILE = YES;
				INFOPLIST_KEY_UIApplicationSceneManifest_Generation = YES;
				INFOPLIST_KEY_UIApplicationSupportsIndirectInputEvents = YES;
				INFOPLIST_KEY_UILaunchScreen_Generation = YES;
				INFOPLIST_KEY_UISupportedInterfaceOrientations_iPad = "UIInterfaceOrientationPortrait UIInterfaceOrientationPortraitUpsideDown UIInterfaceOrientationLandscapeLeft UIInterfaceOrientationLandscapeRight";
				INFOPLIST_KEY_UISupportedInterfaceOrientations_iPhone = "UIInterfaceOrientationPortrait UIInterfaceOrientationLandscapeLeft UIInterfaceOrientationLandscapeRight";
				IPHONEOS_DEPLOYMENT_TARGET = 15.0;
				"IPHONEOS_DEPLOYMENT_TARGET[sdk=macosx*]" = 15.0;
				LD_RUNPATH_SEARCH_PATHS = (
					"$(inherited)",
					"@executable_path/Frameworks",
				);
				MARKETING_VERSION = 1.0;
				PRODUCT_BUNDLE_IDENTIFIER = com.hasab.TatarBook;
				PRODUCT_NAME = "$(TARGET_NAME)";
				SUPPORTS_MACCATALYST = YES;
				SUPPORTS_MAC_DESIGNED_FOR_IPHONE_IPAD = NO;
				SWIFT_EMIT_LOC_STRINGS = YES;
				SWIFT_VERSION = 5.0;
				TARGETED_DEVICE_FAMILY = "1,2,6";
			};
			name = Release;
		};
/* End XCBuildConfiguration section */

/* Begin XCConfigurationList section */
		5F91097327EB766A00210E03 /* Build configuration list for PBXProject "TatarBook" */ = {
			isa = XCConfigurationList;
			buildConfigurations = (
				5F91098427EB766B00210E03 /* Debug */,
				5F91098527EB766B00210E03 /* Release */,
			);
			defaultConfigurationIsVisible = 0;
			defaultConfigurationName = Release;
		};
		5F91098627EB766B00210E03 /* Build configuration list for PBXNativeTarget "TatarBook" */ = {
			isa = XCConfigurationList;
			buildConfigurations = (
				5F91098727EB766B00210E03 /* Debug */,
				5F91098827EB766B00210E03 /* Release */,
			);
			defaultConfigurationIsVisible = 0;
			defaultConfigurationName = Release;
		};
/* End XCConfigurationList section */
	};
	rootObject = 5F91097027EB766A00210E03 /* Project object */;
}
